
Microsoft Visual Studio Solution File, Format Version 12.00
Project("{FAE04EC0-301F-11D3-BF4B-00C04F79EFBC}") = "AM2E", "AM2E\AM2E.csproj", "{A2626DE3-EDDB-4677-8565-C8A3C33028FC}"
EndProject
Global
	GlobalSection(SolutionConfigurationPlatforms) = preSolution
		Debug|Any CPU = Debug|Any CPU
		Release|Any CPU = Release|Any CPU
	EndGlobalSection
	GlobalSection(ProjectConfigurationPlatforms) = postSolution
		{A2626DE3-EDDB-4677-8565-C8A3C33028FC}.Debug|Any CPU.ActiveCfg = Debug|Any CPU
		{A2626DE3-EDDB-4677-8565-C8A3C33028FC}.Debug|Any CPU.Build.0 = Debug|Any CPU
		{A2626DE3-EDDB-4677-8565-C8A3C33028FC}.Release|Any CPU.ActiveCfg = Release|Any CPU
		{A2626DE3-EDDB-4677-8565-C8A3C33028FC}.Release|Any CPU.Build.0 = Release|Any CPU
	EndGlobalSection
EndGlobal
